// !$*UTF8*$!
{
	archiveVersion = 1;
	classes = {
	};
	objectVersion = 50;
	objects = {

/* Begin PBXBuildFile section */
		224D5DB725E96C7900C6A30E /* AppDelegate.swift in Sources */ = {isa = PBXBuildFile; fileRef = 224D5DB625E96C7900C6A30E /* AppDelegate.swift */; };
		224D5DB925E96C7900C6A30E /* SceneDelegate.swift in Sources */ = {isa = PBXBuildFile; fileRef = 224D5DB825E96C7900C6A30E /* SceneDelegate.swift */; };
		224D5DBB25E96C7900C6A30E /* ViewController.swift in Sources */ = {isa = PBXBuildFile; fileRef = 224D5DBA25E96C7900C6A30E /* ViewController.swift */; };
		224D5DBE25E96C7900C6A30E /* Main.storyboard in Resources */ = {isa = PBXBuildFile; fileRef = 224D5DBC25E96C7900C6A30E /* Main.storyboard */; };
		224D5DC025E96C7E00C6A30E /* Assets.xcassets in Resources */ = {isa = PBXBuildFile; fileRef = 224D5DBF25E96C7E00C6A30E /* Assets.xcassets */; };
		224D5DC325E96C7E00C6A30E /* LaunchScreen.storyboard in Resources */ = {isa = PBXBuildFile; fileRef = 224D5DC125E96C7E00C6A30E /* LaunchScreen.storyboard */; };
/* End PBXBuildFile section */

/* Begin PBXFileReference section */
		224D5DB325E96C7900C6A30E /* HolaMundo101.app */ = {isa = PBXFileReference; explicitFileType = wrapper.application; includeInIndex = 0; path = HolaMundo101.app; sourceTree = BUILT_PRODUCTS_DIR; };
		224D5DB625E96C7900C6A30E /* AppDelegate.swift */ = {isa = PBXFileReference; lastKnownFileType = sourcecode.swift; path = AppDelegate.swift; sourceTree = "<group>"; };
		224D5DB825E96C7900C6A30E /* SceneDelegate.swift */ = {isa = PBXFileReference; lastKnownFileType = sourcecode.swift; path = SceneDelegate.swift; sourceTree = "<group>"; };
		224D5DBA25E96C7900C6A30E /* ViewController.swift */ = {isa = PBXFileReference; lastKnownFileType = sourcecode.swift; path = ViewController.swift; sourceTree = "<group>"; };
		224D5DBD25E96C7900C6A30E /* Base */ = {isa = PBXFileReference; lastKnownFileType = file.storyboard; name = Base; path = Base.lproj/Main.storyboard; sourceTree = "<group>"; };
		224D5DBF25E96C7E00C6A30E /* Assets.xcassets */ = {isa = PBXFileReference; lastKnownFileType = folder.assetcatalog; path = Assets.xcassets; sourceTree = "<group>"; };
		224D5DC225E96C7E00C6A30E /* Base */ = {isa = PBXFileReference; lastKnownFileType = file.storyboard; name = Base; path = Base.lproj/LaunchScreen.storyboard; sourceTree = "<group>"; };
		224D5DC425E96C7E00C6A30E /* Info.plist */ = {isa = PBXFileReference; lastKnownFileType = text.plist.xml; path = Info.plist; sourceTree = "<group>"; };
/* End PBXFileReference section */

/* Begin PBXFrameworksBuildPhase section */
		224D5DB025E96C7900C6A30E /* Frameworks */ = {
			isa = PBXFrameworksBuildPhase;
			buildActionMask = 2147483647;
			files = (
			);
			runOnlyForDeploymentPostprocessing = 0;
		};
/* End PBXFrameworksBuildPhase section */

/* Begin PBXGroup section */
		224D5DAA25E96C7900C6A30E = {
			isa = PBXGroup;
			children = (
				224D5DB525E96C7900C6A30E /* HolaMundo101 */,
				224D5DB425E96C7900C6A30E /* Products */,
			);
			sourceTree = "<group>";
		};
		224D5DB425E96C7900C6A30E /* Products */ = {
			isa = PBXGroup;
			children = (
				224D5DB325E96C7900C6A30E /* HolaMundo101.app */,
			);
			name = Products;
			sourceTree = "<group>";
		};
		224D5DB525E96C7900C6A30E /* HolaMundo101 */ = {
			isa = PBXGroup;
			children = (
				224D5DB625E96C7900C6A30E /* AppDelegate.swift */,
				224D5DB825E96C7900C6A30E /* SceneDelegate.swift */,
				224D5DBA25E96C7900C6A30E /* ViewController.swift */,
				224D5DBC25E96C7900C6A30E /* Main.storyboard */,
				224D5DBF25E96C7E00C6A30E /* Assets.xcassets */,
				224D5DC125E96C7E00C6A30E /* LaunchScreen.storyboard */,
				224D5DC425E96C7E00C6A30E /* Info.plist */,
			);
			path = HolaMundo101;
			sourceTree = "<group>";
		};
/* End PBXGroup section */

/* Begin PBXNativeTarget section */
		224D5DB225E96C7900C6A30E /* HolaMundo101 */ = {
			isa = PBXNativeTarget;
			buildConfigurationList = 224D5DC725E96C7E00C6A30E /* Build configuration list for PBXNativeTarget "HolaMundo101" */;
			buildPhases = (
				224D5DAF25E96C7900C6A30E /* Sources */,
				224D5DB025E96C7900C6A30E /* Frameworks */,
				224D5DB125E96C7900C6A30E /* Resources */,
			);
			buildRules = (
			);
			dependencies = (
			);
			name = HolaMundo101;
			productName = HolaMundo101;
			productReference = 224D5DB325E96C7900C6A30E /* HolaMundo101.app */;
			productType = "com.apple.product-type.application";
		};
/* End PBXNativeTarget section */

/* Begin PBXProject section */
		224D5DAB25E96C7900C6A30E /* Project object */ = {
			isa = PBXProject;
			attributes = {
				LastSwiftUpdateCheck = 1240;
				LastUpgradeCheck = 1240;
				TargetAttributes = {
					224D5DB225E96C7900C6A30E = {
						CreatedOnToolsVersion = 12.4;
					};
				};
			};
			buildConfigurationList = 224D5DAE25E96C7900C6A30E /* Build configuration list for PBXProject "HolaMundo101" */;
			compatibilityVersion = "Xcode 9.3";
			developmentRegion = en;
			hasScannedForEncodings = 0;
			knownRegions = (
				en,
				Base,
			);
			mainGroup = 224D5DAA25E96C7900C6A30E;
			productRefGroup = 224D5DB425E96C7900C6A30E /* Products */;
			projectDirPath = "";
			projectRoot = "";
			targets = (
				224D5DB225E96C7900C6A30E /* HolaMundo101 */,
			);
		};
/* End PBXProject section */

/* Begin PBXResourcesBuildPhase section */
		224D5DB125E96C7900C6A30E /* Resources */ = {
			isa = PBXResourcesBuildPhase;
			buildActionMask = 2147483647;
			files = (
				224D5DC325E96C7E00C6A30E /* LaunchScreen.storyboard in Resources */,
				224D5DC025E96C7E00C6A30E /* Assets.xcassets in Resources */,
				224D5DBE25E96C7900C6A30E /* Main.storyboard in Resources */,
			);
			runOnlyForDeploymentPostprocessing = 0;
		};
/* End PBXResourcesBuildPhase section */

/* Begin PBXSourcesBuildPhase section */
		224D5DAF25E96C7900C6A30E /* Sources */ = {
			isa = PBXSourcesBuildPhase;
			buildActionMask = 2147483647;
			files = (
				224D5DBB25E96C7900C6A30E /* ViewController.swift in Sources */,
				224D5DB725E96C7900C6A30E /* AppDelegate.swift in Sources */,
				224D5DB925E96C7900C6A30E /* SceneDelegate.swift in Sources */,
			);
			runOnlyForDeploymentPostprocessing = 0;
		};
/* End PBXSourcesBuildPhase section */

/* Begin PBXVariantGroup section */
		224D5DBC25E96C7900C6A30E /* Main.storyboard */ = {
			isa = PBXVariantGroup;
			children = (
				224D5DBD25E96C7900C6A30E /* Base */,
			);
			name = Main.storyboard;
			sourceTree = "<group>";
		};
		224D5DC125E96C7E00C6A30E /* LaunchScreen.storyboard */ = {
			isa = PBXVariantGroup;
			children = (
				224D5DC225E96C7E00C6A30E /* Base */,
			);
			name = LaunchScreen.storyboard;
			sourceTree = "<group>";
		};
/* End PBXVariantGroup section */

/* Begin XCBuildConfiguration section */
		224D5DC525E96C7E00C6A30E /* Debug */ = {
			isa = XCBuildConfiguration;
			buildSettings = {
				ALWAYS_SEARCH_USER_PATHS = NO;
				CLANG_ANALYZER_NONNULL = YES;
				CLANG_ANALYZER_NUMBER_OBJECT_CONVERSION = YES_AGGRESSIVE;
				CLANG_CXX_LANGUAGE_STANDARD = "gnu++14";
				CLANG_CXX_LIBRARY = "libc++";
				CLANG_ENABLE_MODULES = YES;
				CLANG_ENABLE_OBJC_ARC = YES;
				CLANG_ENABLE_OBJC_WEAK = YES;
				CLANG_WARN_BLOCK_CAPTURE_AUTORELEASING = YES;
				CLANG_WARN_BOOL_CONVERSION = YES;
				CLANG_WARN_COMMA = YES;
				CLANG_WARN_CONSTANT_CONVERSION = YES;
				CLANG_WARN_DEPRECATED_OBJC_IMPLEMENTATIONS = YES;
				CLANG_WARN_DIRECT_OBJC_ISA_USAGE = YES_ERROR;
				CLANG_WARN_DOCUMENTATION_COMMENTS = YES;
				CLANG_WARN_EMPTY_BODY = YES;
				CLANG_WARN_ENUM_CONVERSION = YES;
				CLANG_WARN_INFINITE_RECURSION = YES;
				CLANG_WARN_INT_CONVERSION = YES;
				CLANG_WARN_NON_LITERAL_NULL_CONVERSION = YES;
				CLANG_WARN_OBJC_IMPLICIT_RETAIN_SELF = YES;
				CLANG_WARN_OBJC_LITERAL_CONVERSION = YES;
				CLANG_WARN_OBJC_ROOT_CLASS = YES_ERROR;
				CLANG_WARN_QUOTED_INCLUDE_IN_FRAMEWORK_HEADER = YES;
				CLANG_WARN_RANGE_LOOP_ANALYSIS = YES;
				CLANG_WARN_STRICT_PROTOTYPES = YES;
				CLANG_WARN_SUSPICIOUS_MOVE = YES;
				CLANG_WARN_UNGUARDED_AVAILABILITY = YES_AGGRESSIVE;
				CLANG_WARN_UNREACHABLE_CODE = YES;
				CLANG_WARN__DUPLICATE_METHOD_MATCH = YES;
				COPY_PHASE_STRIP = NO;
				DEBUG_INFORMATION_FORMAT = dwarf;
				ENABLE_STRICT_OBJC_MSGSEND = YES;
				ENABLE_TESTABILITY = YES;
				GCC_C_LANGUAGE_STANDARD = gnu11;
				GCC_DYNAMIC_NO_PIC = NO;
				GCC_NO_COMMON_BLOCKS = YES;
				GCC_OPTIMIZATION_LEVEL = 0;
				GCC_PREPROCESSOR_DEFINITIONS = (
					"DEBUG=1",
					"$(inherited)",
				);
				GCC_WARN_64_TO_32_BIT_CONVERSION = YES;
				GCC_WARN_ABOUT_RETURN_TYPE = YES_ERROR;
				GCC_WARN_UNDECLARED_SELECTOR = YES;
				GCC_WARN_UNINITIALIZED_AUTOS = YES_AGGRESSIVE;
				GCC_WARN_UNUSED_FUNCTION = YES;
				GCC_WARN_UNUSED_VARIABLE = YES;
				IPHONEOS_DEPLOYMENT_TARGET = 14.4;
				MTL_ENABLE_DEBUG_INFO = INCLUDE_SOURCE;
				MTL_FAST_MATH = YES;
				ONLY_ACTIVE_ARCH = YES;
				SDKROOT = iphoneos;
				SWIFT_ACTIVE_COMPILATION_CONDITIONS = DEBUG;
				SWIFT_OPTIMIZATION_LEVEL = "-Onone";
			};
			name = Debug;
		};
		224D5DC625E96C7E00C6A30E /* Release */ = {
			isa = XCBuildConfiguration;
			buildSettings = {
				ALWAYS_SEARCH_USER_PATHS = NO;
				CLANG_ANALYZER_NONNULL = YES;
				CLANG_ANALYZER_NUMBER_OBJECT_CONVERSION = YES_AGGRESSIVE;
				CLANG_CXX_LANGUAGE_STANDARD = "gnu++14";
				CLANG_CXX_LIBRARY = "libc++";
				CLANG_ENABLE_MODULES = YES;
				CLANG_ENABLE_OBJC_ARC = YES;
				CLANG_ENABLE_OBJC_WEAK = YES;
				CLANG_WARN_BLOCK_CAPTURE_AUTORELEASING = YES;
				CLANG_WARN_BOOL_CONVERSION = YES;
				CLANG_WARN_COMMA = YES;
				CLANG_WARN_CONSTANT_CONVERSION = YES;
				CLANG_WARN_DEPRECATED_OBJC_IMPLEMENTATIONS = YES;
				CLANG_WARN_DIRECT_OBJC_ISA_USAGE = YES_ERROR;
				CLANG_WARN_DOCUMENTATION_COMMENTS = YES;
				CLANG_WARN_EMPTY_BODY = YES;
				CLANG_WARN_ENUM_CONVERSION = YES;
				CLANG_WARN_INFINITE_RECURSION = YES;
				CLANG_WARN_INT_CONVERSION = YES;
				CLANG_WARN_NON_LITERAL_NULL_CONVERSION = YES;
				CLANG_WARN_OBJC_IMPLICIT_RETAIN_SELF = YES;
				CLANG_WARN_OBJC_LITERAL_CONVERSION = YES;
				CLANG_WARN_OBJC_ROOT_CLASS = YES_ERROR;
				CLANG_WARN_QUOTED_INCLUDE_IN_FRAMEWORK_HEADER = YES;
				CLANG_WARN_RANGE_LOOP_ANALYSIS = YES;
				CLANG_WARN_STRICT_PROTOTYPES = YES;
				CLANG_WARN_SUSPICIOUS_MOVE = YES;
				CLANG_WARN_UNGUARDED_AVAILABILITY = YES_AGGRESSIVE;
				CLANG_WARN_UNREACHABLE_CODE = YES;
				CLANG_WARN__DUPLICATE_METHOD_MATCH = YES;
				COPY_PHASE_STRIP = NO;
				DEBUG_INFORMATION_FORMAT = "dwarf-with-dsym";
				ENABLE_NS_ASSERTIONS = NO;
				ENABLE_STRICT_OBJC_MSGSEND = YES;
				GCC_C_LANGUAGE_STANDARD = gnu11;
				GCC_NO_COMMON_BLOCKS = YES;
				GCC_WARN_64_TO_32_BIT_CONVERSION = YES;
				GCC_WARN_ABOUT_RETURN_TYPE = YES_ERROR;
				GCC_WARN_UNDECLARED_SELECTOR = YES;
				GCC_WARN_UNINITIALIZED_AUTOS = YES_AGGRESSIVE;
				GCC_WARN_UNUSED_FUNCTION = YES;
				GCC_WARN_UNUSED_VARIABLE = YES;
				IPHONEOS_DEPLOYMENT_TARGET = 14.4;
				MTL_ENABLE_DEBUG_INFO = NO;
				MTL_FAST_MATH = YES;
				SDKROOT = iphoneos;
				SWIFT_COMPILATION_MODE = wholemodule;
				SWIFT_OPTIMIZATION_LEVEL = "-O";
				VALIDATE_PRODUCT = YES;
			};
			name = Release;
		};
		224D5DC825E96C7E00C6A30E /* Debug */ = {
			isa = XCBuildConfiguration;
			buildSettings = {
				ASSETCATALOG_COMPILER_APPICON_NAME = AppIcon;
				ASSETCATALOG_COMPILER_GLOBAL_ACCENT_COLOR_NAME = AccentColor;
				CODE_SIGN_STYLE = Automatic;
				INFOPLIST_FILE = HolaMundo101/Info.plist;
				LD_RUNPATH_SEARCH_PATHS = (
					"$(inherited)",
					"@executable_path/Frameworks",
				);
				PRODUCT_BUNDLE_IDENTIFIER = mx.itesm.A01651308.HolaMundo101;
				PRODUCT_NAME = "$(TARGET_NAME)";
				SWIFT_VERSION = 5.0;
				TARGETED_DEVICE_FAMILY = "1,2";
			};
			name = Debug;
		};
		224D5DC925E96C7E00C6A30E /* Release */ = {
			isa = XCBuildConfiguration;
			buildSettings = {
				ASSETCATALOG_COMPILER_APPICON_NAME = AppIcon;
				ASSETCATALOG_COMPILER_GLOBAL_ACCENT_COLOR_NAME = AccentColor;
				CODE_SIGN_STYLE = Automatic;
				INFOPLIST_FILE = HolaMundo101/Info.plist;
				LD_RUNPATH_SEARCH_PATHS = (
					"$(inherited)",
					"@executable_path/Frameworks",
				);
				PRODUCT_BUNDLE_IDENTIFIER = mx.itesm.A01651308.HolaMundo101;
				PRODUCT_NAME = "$(TARGET_NAME)";
				SWIFT_VERSION = 5.0;
				TARGETED_DEVICE_FAMILY = "1,2";
			};
			name = Release;
		};
/* End XCBuildConfiguration section */

/* Begin XCConfigurationList section */
		224D5DAE25E96C7900C6A30E /* Build configuration list for PBXProject "HolaMundo101" */ = {
			isa = XCConfigurationList;
			buildConfigurations = (
				224D5DC525E96C7E00C6A30E /* Debug */,
				224D5DC625E96C7E00C6A30E /* Release */,
			);
			defaultConfigurationIsVisible = 0;
			defaultConfigurationName = Release;
		};
		224D5DC725E96C7E00C6A30E /* Build configuration list for PBXNativeTarget "HolaMundo101" */ = {
			isa = XCConfigurationList;
			buildConfigurations = (
				224D5DC825E96C7E00C6A30E /* Debug */,
				224D5DC925E96C7E00C6A30E /* Release */,
			);
			defaultConfigurationIsVisible = 0;
			defaultConfigurationName = Release;
		};
/* End XCConfigurationList section */
	};
	rootObject = 224D5DAB25E96C7900C6A30E /* Project object */;
}
